// !$*UTF8*$!
{
	archiveVersion = 1;
	classes = {
	};
	objectVersion = 46;
	objects = {

/* Begin PBXBuildFile section */
		23527A91C8F8436816EBCC37 /* CurrentPlanDoNotExistsCell.swift in Sources */ = {isa = PBXBuildFile; fileRef = 23527A7D7AD4066A1FE63FD1 /* CurrentPlanDoNotExistsCell.swift */; };
		8213AA251E6C3E2F00466335 /* CleverFitPreferences.swift in Sources */ = {isa = PBXBuildFile; fileRef = 8213AA241E6C3E2F00466335 /* CleverFitPreferences.swift */; };
		8218D8A01D8B5CD3003055DA /* Realm.framework in Frameworks */ = {isa = PBXBuildFile; fileRef = 8218D89C1D8B5CC1003055DA /* Realm.framework */; };
		8218D8A11D8B5CD3003055DA /* Realm.framework in Embed Frameworks */ = {isa = PBXBuildFile; fileRef = 8218D89C1D8B5CC1003055DA /* Realm.framework */; settings = {ATTRIBUTES = (CodeSignOnCopy, RemoveHeadersOnCopy, ); }; };
		8218D8A21D8B5CD3003055DA /* RealmSwift.framework in Frameworks */ = {isa = PBXBuildFile; fileRef = 8218D89D1D8B5CC1003055DA /* RealmSwift.framework */; };
		8218D8A31D8B5CD3003055DA /* RealmSwift.framework in Embed Frameworks */ = {isa = PBXBuildFile; fileRef = 8218D89D1D8B5CC1003055DA /* RealmSwift.framework */; settings = {ATTRIBUTES = (CodeSignOnCopy, RemoveHeadersOnCopy, ); }; };
		8218D8A51D8B64AB003055DA /* ResumeExerciseCell.swift in Sources */ = {isa = PBXBuildFile; fileRef = 8218D8A41D8B64AB003055DA /* ResumeExerciseCell.swift */; };
		8218D8A81D8B6B97003055DA /* ExerciseViewController.swift in Sources */ = {isa = PBXBuildFile; fileRef = 8218D8A71D8B6B97003055DA /* ExerciseViewController.swift */; };
		8222F87C1D89BEB1002B8580 /* ClevefitUITests.swift in Sources */ = {isa = PBXBuildFile; fileRef = 8222F87B1D89BEB1002B8580 /* ClevefitUITests.swift */; };
		8222F88A1D89BEBF002B8580 /* ClevefitTests.swift in Sources */ = {isa = PBXBuildFile; fileRef = 8222F8891D89BEBF002B8580 /* ClevefitTests.swift */; };
		8222F8951D89EC71002B8580 /* TrainViewController.swift in Sources */ = {isa = PBXBuildFile; fileRef = 8222F8941D89EC71002B8580 /* TrainViewController.swift */; };
		8222F8971D89ECE5002B8580 /* ResumeViewController.swift in Sources */ = {isa = PBXBuildFile; fileRef = 8222F8961D89ECE5002B8580 /* ResumeViewController.swift */; };
		822A398C1E606DB000572C7D /* RegisterUserViewController.swift in Sources */ = {isa = PBXBuildFile; fileRef = 822A398B1E606DB000572C7D /* RegisterUserViewController.swift */; };
		8236686B1E61DF9B00A832B3 /* UIButtonCorner.swift in Sources */ = {isa = PBXBuildFile; fileRef = 8236686A1E61DF9B00A832B3 /* UIButtonCorner.swift */; };
		8238A7191E454A17004CDBF9 /* Exercise.swift in Sources */ = {isa = PBXBuildFile; fileRef = 8238A7181E454A17004CDBF9 /* Exercise.swift */; };
		8238A71C1E454BAB004CDBF9 /* Muscle.swift in Sources */ = {isa = PBXBuildFile; fileRef = 8238A71B1E454BAB004CDBF9 /* Muscle.swift */; };
		8238A71E1E454CBC004CDBF9 /* WorkoutRoutine.swift in Sources */ = {isa = PBXBuildFile; fileRef = 8238A71D1E454CBC004CDBF9 /* WorkoutRoutine.swift */; };
		8238A7201E454E2E004CDBF9 /* WorkoutExercise.swift in Sources */ = {isa = PBXBuildFile; fileRef = 8238A71F1E454E2E004CDBF9 /* WorkoutExercise.swift */; };
		8238A7241E4567B8004CDBF9 /* DatabaseManager.swift in Sources */ = {isa = PBXBuildFile; fileRef = 8238A7231E4567B8004CDBF9 /* DatabaseManager.swift */; };
		8238A7281E456B98004CDBF9 /* User.swift in Sources */ = {isa = PBXBuildFile; fileRef = 8238A7271E456B98004CDBF9 /* User.swift */; };
		823A147B1E6B2299000556B3 /* CSVParser.swift in Sources */ = {isa = PBXBuildFile; fileRef = 823A147A1E6B2299000556B3 /* CSVParser.swift */; };
		824DF6471E55F6280074F6CF /* CleverFitParams.swift in Sources */ = {isa = PBXBuildFile; fileRef = 824DF6461E55F6280074F6CF /* CleverFitParams.swift */; };
		824DF6491E55F97C0074F6CF /* MainNavigationController.swift in Sources */ = {isa = PBXBuildFile; fileRef = 824DF6481E55F97C0074F6CF /* MainNavigationController.swift */; };
		825B31E91E904318002D579C /* GenerateRoutineCommand.swift in Sources */ = {isa = PBXBuildFile; fileRef = 825B31E51E904318002D579C /* GenerateRoutineCommand.swift */; };
		825B31EA1E904318002D579C /* OpenViewCommand.swift in Sources */ = {isa = PBXBuildFile; fileRef = 825B31E61E904318002D579C /* OpenViewCommand.swift */; };
		825B31EB1E904318002D579C /* RegisterCommand.swift in Sources */ = {isa = PBXBuildFile; fileRef = 825B31E71E904318002D579C /* RegisterCommand.swift */; };
		825B31EC1E904318002D579C /* UpdateUserCommand.swift in Sources */ = {isa = PBXBuildFile; fileRef = 825B31E81E904318002D579C /* UpdateUserCommand.swift */; };
		8263C5F01D8892C50090F0B1 /* AppDelegate.swift in Sources */ = {isa = PBXBuildFile; fileRef = 8263C5E11D8892C50090F0B1 /* AppDelegate.swift */; };
		8263C5F11D8892C50090F0B1 /* LaunchScreen.xib in Resources */ = {isa = PBXBuildFile; fileRef = 8263C5E21D8892C50090F0B1 /* LaunchScreen.xib */; };
		8263C5F21D8892C50090F0B1 /* Main.storyboard in Resources */ = {isa = PBXBuildFile; fileRef = 8263C5E41D8892C50090F0B1 /* Main.storyboard */; };
		8263C5F31D8892C50090F0B1 /* MeViewController.swift in Sources */ = {isa = PBXBuildFile; fileRef = 8263C5E61D8892C50090F0B1 /* MeViewController.swift */; };
		8263C5F41D8892C50090F0B1 /* Images.xcassets in Resources */ = {isa = PBXBuildFile; fileRef = 8263C5E71D8892C50090F0B1 /* Images.xcassets */; };
		8263C5F81D8892C50090F0B1 /* CurrentPlanViewController.swift in Sources */ = {isa = PBXBuildFile; fileRef = 8263C5EB1D8892C50090F0B1 /* CurrentPlanViewController.swift */; };
		8263C6031D8894570090F0B1 /* HistoryViewController.swift in Sources */ = {isa = PBXBuildFile; fileRef = 8263C6021D8894570090F0B1 /* HistoryViewController.swift */; };
		8263C6051D8894620090F0B1 /* SettingsViewController.swift in Sources */ = {isa = PBXBuildFile; fileRef = 8263C6041D8894620090F0B1 /* SettingsViewController.swift */; };
		82BA73E41E4E706700C8C1A4 /* Localizable.strings in Resources */ = {isa = PBXBuildFile; fileRef = 82BA73E31E4E706700C8C1A4 /* Localizable.strings */; };
		82BA73E91E4E724800C8C1A4 /* Strings.swift in Sources */ = {isa = PBXBuildFile; fileRef = 82BA73E81E4E724800C8C1A4 /* Strings.swift */; };
		82BAF4D41E45F441000B5C00 /* WorkoutGenerator.swift in Sources */ = {isa = PBXBuildFile; fileRef = 82BAF4D31E45F441000B5C00 /* WorkoutGenerator.swift */; };
		82C2F5031D89557200378176 /* CleverFitFormViewController.swift in Sources */ = {isa = PBXBuildFile; fileRef = 82C2F5021D89557200378176 /* CleverFitFormViewController.swift */; };
		82DB44F51E75805C00E35D2D /* Data in Resources */ = {isa = PBXBuildFile; fileRef = 82DB44F41E75805C00E35D2D /* Data */; };
		82E1E3A91E73169B0065C4E3 /* Collection.swift in Sources */ = {isa = PBXBuildFile; fileRef = 82E1E3A81E73169B0065C4E3 /* Collection.swift */; };
		82E1F8DF1E61FA3A008C45CC /* CleverFitViewController.swift in Sources */ = {isa = PBXBuildFile; fileRef = 82E1F8DE1E61FA3A008C45CC /* CleverFitViewController.swift */; };
		82E22E0B1E7CB200001E2F5C /* Command.swift in Sources */ = {isa = PBXBuildFile; fileRef = 82E22E0A1E7CB200001E2F5C /* Command.swift */; };
		82F8E3231D8A9DE0009593B8 /* UICircularProgressView.swift in Sources */ = {isa = PBXBuildFile; fileRef = 82F8E3221D8A9DE0009593B8 /* UICircularProgressView.swift */; };
		82F8E3261D8B073D009593B8 /* CurrentPlanExerciseCell.swift in Sources */ = {isa = PBXBuildFile; fileRef = 82F8E3251D8B073D009593B8 /* CurrentPlanExerciseCell.swift */; };
		82F8E3281D8B0B0E009593B8 /* HistoryWorkoutCell.swift in Sources */ = {isa = PBXBuildFile; fileRef = 82F8E3271D8B0B0E009593B8 /* HistoryWorkoutCell.swift */; };
		82FB58A81E7B094A006908D7 /* XLForm.framework in Frameworks */ = {isa = PBXBuildFile; fileRef = 82FB58A71E7B094A006908D7 /* XLForm.framework */; };
		82FB58AA1E7B094F006908D7 /* XLForm.framework in Embed Frameworks */ = {isa = PBXBuildFile; fileRef = 82FB58A71E7B094A006908D7 /* XLForm.framework */; settings = {ATTRIBUTES = (CodeSignOnCopy, RemoveHeadersOnCopy, ); }; };
/* End PBXBuildFile section */

/* Begin PBXContainerItemProxy section */
		8222F87E1D89BEB1002B8580 /* PBXContainerItemProxy */ = {
			isa = PBXContainerItemProxy;
			containerPortal = DC00C75B1ACC65CD00BB4A99 /* Project object */;
			proxyType = 1;
			remoteGlobalIDString = DC00C7621ACC65CD00BB4A99;
			remoteInfo = Clevefit;
		};
		8222F88C1D89BEBF002B8580 /* PBXContainerItemProxy */ = {
			isa = PBXContainerItemProxy;
			containerPortal = DC00C75B1ACC65CD00BB4A99 /* Project object */;
			proxyType = 1;
			remoteGlobalIDString = DC00C7621ACC65CD00BB4A99;
			remoteInfo = Clevefit;
		};
/* End PBXContainerItemProxy section */

/* Begin PBXCopyFilesBuildPhase section */
		82305D901D88D6D8002094AD /* Embed Frameworks */ = {
			isa = PBXCopyFilesBuildPhase;
			buildActionMask = 2147483647;
			dstPath = "";
			dstSubfolderSpec = 10;
			files = (
				8218D8A11D8B5CD3003055DA /* Realm.framework in Embed Frameworks */,
				82FB58AA1E7B094F006908D7 /* XLForm.framework in Embed Frameworks */,
				8218D8A31D8B5CD3003055DA /* RealmSwift.framework in Embed Frameworks */,
			);
			name = "Embed Frameworks";
			runOnlyForDeploymentPostprocessing = 0;
		};
/* End PBXCopyFilesBuildPhase section */

/* Begin PBXFileReference section */
		23527A7D7AD4066A1FE63FD1 /* CurrentPlanDoNotExistsCell.swift */ = {isa = PBXFileReference; fileEncoding = 4; lastKnownFileType = sourcecode.swift; path = CurrentPlanDoNotExistsCell.swift; sourceTree = "<group>"; };
		8213AA241E6C3E2F00466335 /* CleverFitPreferences.swift */ = {isa = PBXFileReference; fileEncoding = 4; lastKnownFileType = sourcecode.swift; path = CleverFitPreferences.swift; sourceTree = "<group>"; };
		8218D89C1D8B5CC1003055DA /* Realm.framework */ = {isa = PBXFileReference; lastKnownFileType = wrapper.framework; name = Realm.framework; path = Carthage/Build/iOS/Realm.framework; sourceTree = "<group>"; };
		8218D89D1D8B5CC1003055DA /* RealmSwift.framework */ = {isa = PBXFileReference; lastKnownFileType = wrapper.framework; name = RealmSwift.framework; path = Carthage/Build/iOS/RealmSwift.framework; sourceTree = "<group>"; };
		8218D8A41D8B64AB003055DA /* ResumeExerciseCell.swift */ = {isa = PBXFileReference; fileEncoding = 4; lastKnownFileType = sourcecode.swift; path = ResumeExerciseCell.swift; sourceTree = "<group>"; };
		8218D8A71D8B6B97003055DA /* ExerciseViewController.swift */ = {isa = PBXFileReference; fileEncoding = 4; lastKnownFileType = sourcecode.swift; path = ExerciseViewController.swift; sourceTree = "<group>"; };
		8222F8791D89BEB1002B8580 /* CleverfitUITests.xctest */ = {isa = PBXFileReference; explicitFileType = wrapper.cfbundle; includeInIndex = 0; path = CleverfitUITests.xctest; sourceTree = BUILT_PRODUCTS_DIR; };
		8222F87B1D89BEB1002B8580 /* ClevefitUITests.swift */ = {isa = PBXFileReference; lastKnownFileType = sourcecode.swift; path = ClevefitUITests.swift; sourceTree = "<group>"; };
		8222F87D1D89BEB1002B8580 /* Info.plist */ = {isa = PBXFileReference; lastKnownFileType = text.plist.xml; path = Info.plist; sourceTree = "<group>"; };
		8222F8871D89BEBF002B8580 /* CleverfitTests.xctest */ = {isa = PBXFileReference; explicitFileType = wrapper.cfbundle; includeInIndex = 0; path = CleverfitTests.xctest; sourceTree = BUILT_PRODUCTS_DIR; };
		8222F8891D89BEBF002B8580 /* ClevefitTests.swift */ = {isa = PBXFileReference; lastKnownFileType = sourcecode.swift; path = ClevefitTests.swift; sourceTree = "<group>"; };
		8222F88B1D89BEBF002B8580 /* Info.plist */ = {isa = PBXFileReference; lastKnownFileType = text.plist.xml; path = Info.plist; sourceTree = "<group>"; };
		8222F8941D89EC71002B8580 /* TrainViewController.swift */ = {isa = PBXFileReference; fileEncoding = 4; lastKnownFileType = sourcecode.swift; path = TrainViewController.swift; sourceTree = "<group>"; };
		8222F8961D89ECE5002B8580 /* ResumeViewController.swift */ = {isa = PBXFileReference; fileEncoding = 4; lastKnownFileType = sourcecode.swift; path = ResumeViewController.swift; sourceTree = "<group>"; };
		822A398B1E606DB000572C7D /* RegisterUserViewController.swift */ = {isa = PBXFileReference; fileEncoding = 4; lastKnownFileType = sourcecode.swift; path = RegisterUserViewController.swift; sourceTree = "<group>"; };
		8236686A1E61DF9B00A832B3 /* UIButtonCorner.swift */ = {isa = PBXFileReference; fileEncoding = 4; lastKnownFileType = sourcecode.swift; path = UIButtonCorner.swift; sourceTree = "<group>"; };
		8238A7181E454A17004CDBF9 /* Exercise.swift */ = {isa = PBXFileReference; fileEncoding = 4; lastKnownFileType = sourcecode.swift; path = Exercise.swift; sourceTree = "<group>"; };
		8238A71B1E454BAB004CDBF9 /* Muscle.swift */ = {isa = PBXFileReference; fileEncoding = 4; lastKnownFileType = sourcecode.swift; path = Muscle.swift; sourceTree = "<group>"; };
		8238A71D1E454CBC004CDBF9 /* WorkoutRoutine.swift */ = {isa = PBXFileReference; fileEncoding = 4; lastKnownFileType = sourcecode.swift; path = WorkoutRoutine.swift; sourceTree = "<group>"; };
		8238A71F1E454E2E004CDBF9 /* WorkoutExercise.swift */ = {isa = PBXFileReference; fileEncoding = 4; lastKnownFileType = sourcecode.swift; path = WorkoutExercise.swift; sourceTree = "<group>"; };
		8238A7231E4567B8004CDBF9 /* DatabaseManager.swift */ = {isa = PBXFileReference; fileEncoding = 4; lastKnownFileType = sourcecode.swift; path = DatabaseManager.swift; sourceTree = "<group>"; };
		8238A7271E456B98004CDBF9 /* User.swift */ = {isa = PBXFileReference; fileEncoding = 4; lastKnownFileType = sourcecode.swift; path = User.swift; sourceTree = "<group>"; };
		823A147A1E6B2299000556B3 /* CSVParser.swift */ = {isa = PBXFileReference; fileEncoding = 4; lastKnownFileType = sourcecode.swift; path = CSVParser.swift; sourceTree = "<group>"; };
		824DF6461E55F6280074F6CF /* CleverFitParams.swift */ = {isa = PBXFileReference; fileEncoding = 4; lastKnownFileType = sourcecode.swift; path = CleverFitParams.swift; sourceTree = "<group>"; };
		824DF6481E55F97C0074F6CF /* MainNavigationController.swift */ = {isa = PBXFileReference; fileEncoding = 4; lastKnownFileType = sourcecode.swift; path = MainNavigationController.swift; sourceTree = "<group>"; };
		825B31E51E904318002D579C /* GenerateRoutineCommand.swift */ = {isa = PBXFileReference; fileEncoding = 4; lastKnownFileType = sourcecode.swift; path = GenerateRoutineCommand.swift; sourceTree = "<group>"; };
		825B31E61E904318002D579C /* OpenViewCommand.swift */ = {isa = PBXFileReference; fileEncoding = 4; lastKnownFileType = sourcecode.swift; path = OpenViewCommand.swift; sourceTree = "<group>"; };
		825B31E71E904318002D579C /* RegisterCommand.swift */ = {isa = PBXFileReference; fileEncoding = 4; lastKnownFileType = sourcecode.swift; path = RegisterCommand.swift; sourceTree = "<group>"; };
		825B31E81E904318002D579C /* UpdateUserCommand.swift */ = {isa = PBXFileReference; fileEncoding = 4; lastKnownFileType = sourcecode.swift; path = UpdateUserCommand.swift; sourceTree = "<group>"; };
		8263C5E11D8892C50090F0B1 /* AppDelegate.swift */ = {isa = PBXFileReference; fileEncoding = 4; lastKnownFileType = sourcecode.swift; path = AppDelegate.swift; sourceTree = "<group>"; };
		8263C5E31D8892C50090F0B1 /* Base */ = {isa = PBXFileReference; lastKnownFileType = file.xib; name = Base; path = Base.lproj/LaunchScreen.xib; sourceTree = "<group>"; };
		8263C5E51D8892C50090F0B1 /* Base */ = {isa = PBXFileReference; lastKnownFileType = file.storyboard; name = Base; path = Base.lproj/Main.storyboard; sourceTree = "<group>"; };
		8263C5E61D8892C50090F0B1 /* MeViewController.swift */ = {isa = PBXFileReference; fileEncoding = 4; lastKnownFileType = sourcecode.swift; path = MeViewController.swift; sourceTree = "<group>"; };
		8263C5E71D8892C50090F0B1 /* Images.xcassets */ = {isa = PBXFileReference; lastKnownFileType = folder.assetcatalog; path = Images.xcassets; sourceTree = "<group>"; };
		8263C5E81D8892C50090F0B1 /* Info.plist */ = {isa = PBXFileReference; fileEncoding = 4; lastKnownFileType = text.plist.xml; path = Info.plist; sourceTree = "<group>"; };
		8263C5EB1D8892C50090F0B1 /* CurrentPlanViewController.swift */ = {isa = PBXFileReference; fileEncoding = 4; lastKnownFileType = sourcecode.swift; path = CurrentPlanViewController.swift; sourceTree = "<group>"; };
		8263C6021D8894570090F0B1 /* HistoryViewController.swift */ = {isa = PBXFileReference; fileEncoding = 4; lastKnownFileType = sourcecode.swift; path = HistoryViewController.swift; sourceTree = "<group>"; };
		8263C6041D8894620090F0B1 /* SettingsViewController.swift */ = {isa = PBXFileReference; fileEncoding = 4; lastKnownFileType = sourcecode.swift; path = SettingsViewController.swift; sourceTree = "<group>"; };
		82BA73E31E4E706700C8C1A4 /* Localizable.strings */ = {isa = PBXFileReference; fileEncoding = 4; lastKnownFileType = text.plist.strings; path = Localizable.strings; sourceTree = "<group>"; };
		82BA73E81E4E724800C8C1A4 /* Strings.swift */ = {isa = PBXFileReference; fileEncoding = 4; lastKnownFileType = sourcecode.swift; path = Strings.swift; sourceTree = "<group>"; };
		82BAF4D31E45F441000B5C00 /* WorkoutGenerator.swift */ = {isa = PBXFileReference; fileEncoding = 4; lastKnownFileType = sourcecode.swift; path = WorkoutGenerator.swift; sourceTree = "<group>"; };
		82C2F5021D89557200378176 /* CleverFitFormViewController.swift */ = {isa = PBXFileReference; fileEncoding = 4; lastKnownFileType = sourcecode.swift; path = CleverFitFormViewController.swift; sourceTree = "<group>"; };
		82DB44F41E75805C00E35D2D /* Data */ = {isa = PBXFileReference; lastKnownFileType = folder; path = Data; sourceTree = "<group>"; };
		82E1E3A81E73169B0065C4E3 /* Collection.swift */ = {isa = PBXFileReference; fileEncoding = 4; lastKnownFileType = sourcecode.swift; path = Collection.swift; sourceTree = "<group>"; };
		82E1F8DE1E61FA3A008C45CC /* CleverFitViewController.swift */ = {isa = PBXFileReference; fileEncoding = 4; lastKnownFileType = sourcecode.swift; path = CleverFitViewController.swift; sourceTree = "<group>"; };
		82E22E0A1E7CB200001E2F5C /* Command.swift */ = {isa = PBXFileReference; fileEncoding = 4; lastKnownFileType = sourcecode.swift; path = Command.swift; sourceTree = "<group>"; };
		82F8E3221D8A9DE0009593B8 /* UICircularProgressView.swift */ = {isa = PBXFileReference; fileEncoding = 4; lastKnownFileType = sourcecode.swift; path = UICircularProgressView.swift; sourceTree = "<group>"; };
		82F8E3251D8B073D009593B8 /* CurrentPlanExerciseCell.swift */ = {isa = PBXFileReference; fileEncoding = 4; lastKnownFileType = sourcecode.swift; path = CurrentPlanExerciseCell.swift; sourceTree = "<group>"; };
		82F8E3271D8B0B0E009593B8 /* HistoryWorkoutCell.swift */ = {isa = PBXFileReference; fileEncoding = 4; lastKnownFileType = sourcecode.swift; path = HistoryWorkoutCell.swift; sourceTree = "<group>"; };
		82FB58A71E7B094A006908D7 /* XLForm.framework */ = {isa = PBXFileReference; lastKnownFileType = wrapper.framework; name = XLForm.framework; path = Carthage/Build/iOS/XLForm.framework; sourceTree = "<group>"; };
		DC00C7631ACC65CD00BB4A99 /* Cleverfit.app */ = {isa = PBXFileReference; explicitFileType = wrapper.application; includeInIndex = 0; path = Cleverfit.app; sourceTree = BUILT_PRODUCTS_DIR; };
/* End PBXFileReference section */

/* Begin PBXFrameworksBuildPhase section */
		8222F8761D89BEB0002B8580 /* Frameworks */ = {
			isa = PBXFrameworksBuildPhase;
			buildActionMask = 2147483647;
			files = (
			);
			runOnlyForDeploymentPostprocessing = 0;
		};
		8222F8841D89BEBF002B8580 /* Frameworks */ = {
			isa = PBXFrameworksBuildPhase;
			buildActionMask = 2147483647;
			files = (
			);
			runOnlyForDeploymentPostprocessing = 0;
		};
		DC00C7601ACC65CD00BB4A99 /* Frameworks */ = {
			isa = PBXFrameworksBuildPhase;
			buildActionMask = 2147483647;
			files = (
				8218D8A01D8B5CD3003055DA /* Realm.framework in Frameworks */,
				82FB58A81E7B094A006908D7 /* XLForm.framework in Frameworks */,
				8218D8A21D8B5CD3003055DA /* RealmSwift.framework in Frameworks */,
			);
			runOnlyForDeploymentPostprocessing = 0;
		};
/* End PBXFrameworksBuildPhase section */

/* Begin PBXGroup section */
		8218D8A61D8B6B84003055DA /* Exercise */ = {
			isa = PBXGroup;
			children = (
				8218D8A71D8B6B97003055DA /* ExerciseViewController.swift */,
			);
			name = Exercise;
			sourceTree = "<group>";
		};
		8222F87A1D89BEB1002B8580 /* ClevefitUITests */ = {
			isa = PBXGroup;
			children = (
				8222F87B1D89BEB1002B8580 /* ClevefitUITests.swift */,
				8222F87D1D89BEB1002B8580 /* Info.plist */,
			);
			path = ClevefitUITests;
			sourceTree = "<group>";
		};
		8222F8881D89BEBF002B8580 /* ClevefitTests */ = {
			isa = PBXGroup;
			children = (
				8222F8891D89BEBF002B8580 /* ClevefitTests.swift */,
				8222F88B1D89BEBF002B8580 /* Info.plist */,
			);
			path = ClevefitTests;
			sourceTree = "<group>";
		};
		8222F8921D89EBAE002B8580 /* Train */ = {
			isa = PBXGroup;
			children = (
				8222F8941D89EC71002B8580 /* TrainViewController.swift */,
			);
			name = Train;
			sourceTree = "<group>";
		};
		8222F8931D89EBCB002B8580 /* Resume */ = {
			isa = PBXGroup;
			children = (
				8222F8961D89ECE5002B8580 /* ResumeViewController.swift */,
				8218D8A41D8B64AB003055DA /* ResumeExerciseCell.swift */,
			);
			name = Resume;
			sourceTree = "<group>";
		};
		82305D851D88D44C002094AD /* Frameworks */ = {
			isa = PBXGroup;
			children = (
				82FB58A71E7B094A006908D7 /* XLForm.framework */,
				8218D89C1D8B5CC1003055DA /* Realm.framework */,
				8218D89D1D8B5CC1003055DA /* RealmSwift.framework */,
			);
			name = Frameworks;
			sourceTree = "<group>";
		};
		8238A7151E4546C1004CDBF9 /* Entities */ = {
			isa = PBXGroup;
			children = (
				8238A7181E454A17004CDBF9 /* Exercise.swift */,
				8238A71B1E454BAB004CDBF9 /* Muscle.swift */,
				8238A71D1E454CBC004CDBF9 /* WorkoutRoutine.swift */,
				8238A71F1E454E2E004CDBF9 /* WorkoutExercise.swift */,
				8238A7271E456B98004CDBF9 /* User.swift */,
			);
			name = Entities;
			sourceTree = "<group>";
		};
		8238A7171E454745004CDBF9 /* Views */ = {
			isa = PBXGroup;
			children = (
				8236686A1E61DF9B00A832B3 /* UIButtonCorner.swift */,
				82F8E3221D8A9DE0009593B8 /* UICircularProgressView.swift */,
			);
			name = Views;
			sourceTree = "<group>";
		};
		8238A7211E45677B004CDBF9 /* Persistence */ = {
			isa = PBXGroup;
			children = (
				8238A7221E45678A004CDBF9 /* Managers */,
				8238A7151E4546C1004CDBF9 /* Entities */,
			);
			name = Persistence;
			sourceTree = "<group>";
		};
		8238A7221E45678A004CDBF9 /* Managers */ = {
			isa = PBXGroup;
			children = (
				8238A7231E4567B8004CDBF9 /* DatabaseManager.swift */,
			);
			name = Managers;
			sourceTree = "<group>";
		};
		824DF6451E55F6100074F6CF /* Configuration */ = {
			isa = PBXGroup;
			children = (
				824DF6461E55F6280074F6CF /* CleverFitParams.swift */,
				8213AA241E6C3E2F00466335 /* CleverFitPreferences.swift */,
			);
			name = Configuration;
			sourceTree = "<group>";
		};
		824DF64A1E55FD4D0074F6CF /* Navigation Controllers */ = {
			isa = PBXGroup;
			children = (
				824DF6481E55F97C0074F6CF /* MainNavigationController.swift */,
			);
			name = "Navigation Controllers";
			sourceTree = "<group>";
		};
		8263C5E01D8892C50090F0B1 /* Cleverfit */ = {
			isa = PBXGroup;
			children = (
				82BA73E21E4E703B00C8C1A4 /* Resources */,
				82BA73E51E4E71AE00C8C1A4 /* Common */,
				82F8E3241D8A9EFB009593B8 /* Modules */,
				8263C5E11D8892C50090F0B1 /* AppDelegate.swift */,
				8263C5E41D8892C50090F0B1 /* Main.storyboard */,
				8263C5E21D8892C50090F0B1 /* LaunchScreen.xib */,
				8263C5E71D8892C50090F0B1 /* Images.xcassets */,
				8263C5E81D8892C50090F0B1 /* Info.plist */,
			);
			path = Cleverfit;
			sourceTree = "<group>";
		};
		8263C5FE1D8893680090F0B1 /* Current Plan */ = {
			isa = PBXGroup;
			children = (
				8263C5EB1D8892C50090F0B1 /* CurrentPlanViewController.swift */,
				82F8E3251D8B073D009593B8 /* CurrentPlanExerciseCell.swift */,
				23527A7D7AD4066A1FE63FD1 /* CurrentPlanDoNotExistsCell.swift */,
			);
			name = "Current Plan";
			sourceTree = "<group>";
		};
		8263C5FF1D8893700090F0B1 /* Settings */ = {
			isa = PBXGroup;
			children = (
				8263C6041D8894620090F0B1 /* SettingsViewController.swift */,
			);
			name = Settings;
			sourceTree = "<group>";
		};
		8263C6001D8893A30090F0B1 /* History */ = {
			isa = PBXGroup;
			children = (
				8263C6021D8894570090F0B1 /* HistoryViewController.swift */,
				82F8E3271D8B0B0E009593B8 /* HistoryWorkoutCell.swift */,
			);
			name = History;
			sourceTree = "<group>";
		};
		8263C6011D8893F70090F0B1 /* Me */ = {
			isa = PBXGroup;
			children = (
				8263C5E61D8892C50090F0B1 /* MeViewController.swift */,
			);
			name = Me;
			sourceTree = "<group>";
		};
		829A84A41E4FBCC3005FD7EB /* Register */ = {
			isa = PBXGroup;
			children = (
				822A398B1E606DB000572C7D /* RegisterUserViewController.swift */,
			);
			name = Register;
			sourceTree = "<group>";
		};
		82BA73E21E4E703B00C8C1A4 /* Resources */ = {
			isa = PBXGroup;
			children = (
				82DB44F41E75805C00E35D2D /* Data */,
				82BA73E31E4E706700C8C1A4 /* Localizable.strings */,
			);
			name = Resources;
			sourceTree = "<group>";
		};
		82BA73E51E4E71AE00C8C1A4 /* Common */ = {
			isa = PBXGroup;
			children = (
				82E22E091E7CB1C4001E2F5C /* Commands */,
				82BAF4D21E45F2BA000B5C00 /* Core */,
				82BA73E71E4E721800C8C1A4 /* View Controllers */,
				824DF64A1E55FD4D0074F6CF /* Navigation Controllers */,
				824DF6451E55F6100074F6CF /* Configuration */,
				8238A7171E454745004CDBF9 /* Views */,
				82BA73E61E4E71D500C8C1A4 /* Utilities */,
				8238A7211E45677B004CDBF9 /* Persistence */,
			);
			name = Common;
			sourceTree = "<group>";
		};
		82BA73E61E4E71D500C8C1A4 /* Utilities */ = {
			isa = PBXGroup;
			children = (
				82BA73E81E4E724800C8C1A4 /* Strings.swift */,
				823A147A1E6B2299000556B3 /* CSVParser.swift */,
				82E1E3A81E73169B0065C4E3 /* Collection.swift */,
			);
			name = Utilities;
			sourceTree = "<group>";
		};
		82BA73E71E4E721800C8C1A4 /* View Controllers */ = {
			isa = PBXGroup;
			children = (
				82E1F8DE1E61FA3A008C45CC /* CleverFitViewController.swift */,
				82C2F5021D89557200378176 /* CleverFitFormViewController.swift */,
			);
			name = "View Controllers";
			sourceTree = "<group>";
		};
		82BAF4D21E45F2BA000B5C00 /* Core */ = {
			isa = PBXGroup;
			children = (
				82BAF4D51E45F463000B5C00 /* Generators */,
			);
			name = Core;
			sourceTree = "<group>";
		};
		82BAF4D51E45F463000B5C00 /* Generators */ = {
			isa = PBXGroup;
			children = (
				82BAF4D31E45F441000B5C00 /* WorkoutGenerator.swift */,
			);
			name = Generators;
			sourceTree = "<group>";
		};
		82E22E091E7CB1C4001E2F5C /* Commands */ = {
			isa = PBXGroup;
			children = (
				82E22E0A1E7CB200001E2F5C /* Command.swift */,
				825B31E51E904318002D579C /* GenerateRoutineCommand.swift */,
				825B31E61E904318002D579C /* OpenViewCommand.swift */,
				825B31E71E904318002D579C /* RegisterCommand.swift */,
				825B31E81E904318002D579C /* UpdateUserCommand.swift */,
			);
			name = Commands;
			sourceTree = "<group>";
		};
		82F8E3241D8A9EFB009593B8 /* Modules */ = {
			isa = PBXGroup;
			children = (
				829A84A41E4FBCC3005FD7EB /* Register */,
				8263C6011D8893F70090F0B1 /* Me */,
				8263C6001D8893A30090F0B1 /* History */,
				8218D8A61D8B6B84003055DA /* Exercise */,
				8263C5FE1D8893680090F0B1 /* Current Plan */,
				8222F8921D89EBAE002B8580 /* Train */,
				8263C5FF1D8893700090F0B1 /* Settings */,
				8222F8931D89EBCB002B8580 /* Resume */,
			);
			name = Modules;
			sourceTree = "<group>";
		};
		DC00C75A1ACC65CD00BB4A99 = {
			isa = PBXGroup;
			children = (
				8263C5E01D8892C50090F0B1 /* Cleverfit */,
				8222F87A1D89BEB1002B8580 /* ClevefitUITests */,
				8222F8881D89BEBF002B8580 /* ClevefitTests */,
				DC00C7641ACC65CD00BB4A99 /* Products */,
				82305D851D88D44C002094AD /* Frameworks */,
			);
			sourceTree = "<group>";
		};
		DC00C7641ACC65CD00BB4A99 /* Products */ = {
			isa = PBXGroup;
			children = (
				DC00C7631ACC65CD00BB4A99 /* Cleverfit.app */,
				8222F8791D89BEB1002B8580 /* CleverfitUITests.xctest */,
				8222F8871D89BEBF002B8580 /* CleverfitTests.xctest */,
			);
			name = Products;
			sourceTree = "<group>";
		};
/* End PBXGroup section */

/* Begin PBXNativeTarget section */
		8222F8781D89BEB0002B8580 /* CleverfitUITests */ = {
			isa = PBXNativeTarget;
			buildConfigurationList = 8222F8801D89BEB1002B8580 /* Build configuration list for PBXNativeTarget "CleverfitUITests" */;
			buildPhases = (
				8222F8751D89BEB0002B8580 /* Sources */,
				8222F8761D89BEB0002B8580 /* Frameworks */,
				8222F8771D89BEB0002B8580 /* Resources */,
			);
			buildRules = (
			);
			dependencies = (
				8222F87F1D89BEB1002B8580 /* PBXTargetDependency */,
			);
			name = CleverfitUITests;
			productName = ClevefitUITests;
			productReference = 8222F8791D89BEB1002B8580 /* CleverfitUITests.xctest */;
			productType = "com.apple.product-type.bundle.ui-testing";
		};
		8222F8861D89BEBF002B8580 /* CleverfitTests */ = {
			isa = PBXNativeTarget;
			buildConfigurationList = 8222F88E1D89BEBF002B8580 /* Build configuration list for PBXNativeTarget "CleverfitTests" */;
			buildPhases = (
				8222F8831D89BEBF002B8580 /* Sources */,
				8222F8841D89BEBF002B8580 /* Frameworks */,
				8222F8851D89BEBF002B8580 /* Resources */,
			);
			buildRules = (
			);
			dependencies = (
				8222F88D1D89BEBF002B8580 /* PBXTargetDependency */,
			);
			name = CleverfitTests;
			productName = ClevefitTests;
			productReference = 8222F8871D89BEBF002B8580 /* CleverfitTests.xctest */;
			productType = "com.apple.product-type.bundle.unit-test";
		};
		DC00C7621ACC65CD00BB4A99 /* Cleverfit */ = {
			isa = PBXNativeTarget;
			buildConfigurationList = DC00C7821ACC65CD00BB4A99 /* Build configuration list for PBXNativeTarget "Cleverfit" */;
			buildPhases = (
				DC00C75F1ACC65CD00BB4A99 /* Sources */,
				DC00C7601ACC65CD00BB4A99 /* Frameworks */,
				DC00C7611ACC65CD00BB4A99 /* Resources */,
				82305D901D88D6D8002094AD /* Embed Frameworks */,
				82B0C2041E6C481000691A1B /* ShellScript */,
			);
			buildRules = (
			);
			dependencies = (
			);
			name = Cleverfit;
			productName = SSASideMenuStoryboardExample;
			productReference = DC00C7631ACC65CD00BB4A99 /* Cleverfit.app */;
			productType = "com.apple.product-type.application";
		};
/* End PBXNativeTarget section */

/* Begin PBXProject section */
		DC00C75B1ACC65CD00BB4A99 /* Project object */ = {
			isa = PBXProject;
			attributes = {
				LastSwiftMigration = 0700;
				LastSwiftUpdateCheck = 0800;
				LastUpgradeCheck = 0820;
				ORGANIZATIONNAME = SebastianAndersen;
				TargetAttributes = {
					8222F8781D89BEB0002B8580 = {
						CreatedOnToolsVersion = 8.0;
						DevelopmentTeam = RB9Q7ATU9M;
						ProvisioningStyle = Automatic;
						TestTargetID = DC00C7621ACC65CD00BB4A99;
					};
					8222F8861D89BEBF002B8580 = {
						CreatedOnToolsVersion = 8.0;
						DevelopmentTeam = RB9Q7ATU9M;
						ProvisioningStyle = Manual;
						TestTargetID = DC00C7621ACC65CD00BB4A99;
					};
					DC00C7621ACC65CD00BB4A99 = {
						CreatedOnToolsVersion = 6.3;
						DevelopmentTeam = RB9Q7ATU9M;
						LastSwiftMigration = 0800;
						ProvisioningStyle = Automatic;
					};
				};
			};
			buildConfigurationList = DC00C75E1ACC65CD00BB4A99 /* Build configuration list for PBXProject "Cleverfit" */;
			compatibilityVersion = "Xcode 3.2";
			developmentRegion = English;
			hasScannedForEncodings = 0;
			knownRegions = (
				en,
				Base,
			);
			mainGroup = DC00C75A1ACC65CD00BB4A99;
			productRefGroup = DC00C7641ACC65CD00BB4A99 /* Products */;
			projectDirPath = "";
			projectRoot = "";
			targets = (
				DC00C7621ACC65CD00BB4A99 /* Cleverfit */,
				8222F8781D89BEB0002B8580 /* CleverfitUITests */,
				8222F8861D89BEBF002B8580 /* CleverfitTests */,
			);
		};
/* End PBXProject section */

/* Begin PBXResourcesBuildPhase section */
		8222F8771D89BEB0002B8580 /* Resources */ = {
			isa = PBXResourcesBuildPhase;
			buildActionMask = 2147483647;
			files = (
			);
			runOnlyForDeploymentPostprocessing = 0;
		};
		8222F8851D89BEBF002B8580 /* Resources */ = {
			isa = PBXResourcesBuildPhase;
			buildActionMask = 2147483647;
			files = (
			);
			runOnlyForDeploymentPostprocessing = 0;
		};
		DC00C7611ACC65CD00BB4A99 /* Resources */ = {
			isa = PBXResourcesBuildPhase;
			buildActionMask = 2147483647;
			files = (
				8263C5F41D8892C50090F0B1 /* Images.xcassets in Resources */,
				82BA73E41E4E706700C8C1A4 /* Localizable.strings in Resources */,
				82DB44F51E75805C00E35D2D /* Data in Resources */,
				8263C5F11D8892C50090F0B1 /* LaunchScreen.xib in Resources */,
				8263C5F21D8892C50090F0B1 /* Main.storyboard in Resources */,
			);
			runOnlyForDeploymentPostprocessing = 0;
		};
/* End PBXResourcesBuildPhase section */

/* Begin PBXShellScriptBuildPhase section */
		82B0C2041E6C481000691A1B /* ShellScript */ = {
			isa = PBXShellScriptBuildPhase;
			buildActionMask = 2147483647;
			files = (
			);
			inputPaths = (
			);
			outputPaths = (
			);
			runOnlyForDeploymentPostprocessing = 0;
			shellPath = /bin/sh;
			shellScript = "";
		};
/* End PBXShellScriptBuildPhase section */

/* Begin PBXSourcesBuildPhase section */
		8222F8751D89BEB0002B8580 /* Sources */ = {
			isa = PBXSourcesBuildPhase;
			buildActionMask = 2147483647;
			files = (
				8222F87C1D89BEB1002B8580 /* ClevefitUITests.swift in Sources */,
			);
			runOnlyForDeploymentPostprocessing = 0;
		};
		8222F8831D89BEBF002B8580 /* Sources */ = {
			isa = PBXSourcesBuildPhase;
			buildActionMask = 2147483647;
			files = (
				8222F88A1D89BEBF002B8580 /* ClevefitTests.swift in Sources */,
			);
			runOnlyForDeploymentPostprocessing = 0;
		};
		DC00C75F1ACC65CD00BB4A99 /* Sources */ = {
			isa = PBXSourcesBuildPhase;
			buildActionMask = 2147483647;
			files = (
				82E22E0B1E7CB200001E2F5C /* Command.swift in Sources */,
				824DF6491E55F97C0074F6CF /* MainNavigationController.swift in Sources */,
				825B31EC1E904318002D579C /* UpdateUserCommand.swift in Sources */,
				8236686B1E61DF9B00A832B3 /* UIButtonCorner.swift in Sources */,
				82E1F8DF1E61FA3A008C45CC /* CleverFitViewController.swift in Sources */,
				82F8E3281D8B0B0E009593B8 /* HistoryWorkoutCell.swift in Sources */,
				82F8E3261D8B073D009593B8 /* CurrentPlanExerciseCell.swift in Sources */,
				8222F8951D89EC71002B8580 /* TrainViewController.swift in Sources */,
				825B31E91E904318002D579C /* GenerateRoutineCommand.swift in Sources */,
				8263C5F01D8892C50090F0B1 /* AppDelegate.swift in Sources */,
				8238A7241E4567B8004CDBF9 /* DatabaseManager.swift in Sources */,
				8263C5F31D8892C50090F0B1 /* MeViewController.swift in Sources */,
				825B31EA1E904318002D579C /* OpenViewCommand.swift in Sources */,
				824DF6471E55F6280074F6CF /* CleverFitParams.swift in Sources */,
				822A398C1E606DB000572C7D /* RegisterUserViewController.swift in Sources */,
				82C2F5031D89557200378176 /* CleverFitFormViewController.swift in Sources */,
				8238A71C1E454BAB004CDBF9 /* Muscle.swift in Sources */,
				82F8E3231D8A9DE0009593B8 /* UICircularProgressView.swift in Sources */,
				8238A7191E454A17004CDBF9 /* Exercise.swift in Sources */,
				8263C5F81D8892C50090F0B1 /* CurrentPlanViewController.swift in Sources */,
				8263C6031D8894570090F0B1 /* HistoryViewController.swift in Sources */,
				8222F8971D89ECE5002B8580 /* ResumeViewController.swift in Sources */,
				823A147B1E6B2299000556B3 /* CSVParser.swift in Sources */,
				8238A71E1E454CBC004CDBF9 /* WorkoutRoutine.swift in Sources */,
				82E1E3A91E73169B0065C4E3 /* Collection.swift in Sources */,
				825B31EB1E904318002D579C /* RegisterCommand.swift in Sources */,
				82BAF4D41E45F441000B5C00 /* WorkoutGenerator.swift in Sources */,
				8238A7201E454E2E004CDBF9 /* WorkoutExercise.swift in Sources */,
				82BA73E91E4E724800C8C1A4 /* Strings.swift in Sources */,
				8238A7281E456B98004CDBF9 /* User.swift in Sources */,
				8213AA251E6C3E2F00466335 /* CleverFitPreferences.swift in Sources */,
				8218D8A51D8B64AB003055DA /* ResumeExerciseCell.swift in Sources */,
				8218D8A81D8B6B97003055DA /* ExerciseViewController.swift in Sources */,
				8263C6051D8894620090F0B1 /* SettingsViewController.swift in Sources */,
				23527A91C8F8436816EBCC37 /* CurrentPlanDoNotExistsCell.swift in Sources */,
			);
			runOnlyForDeploymentPostprocessing = 0;
		};
/* End PBXSourcesBuildPhase section */

/* Begin PBXTargetDependency section */
		8222F87F1D89BEB1002B8580 /* PBXTargetDependency */ = {
			isa = PBXTargetDependency;
			target = DC00C7621ACC65CD00BB4A99 /* Cleverfit */;
			targetProxy = 8222F87E1D89BEB1002B8580 /* PBXContainerItemProxy */;
		};
		8222F88D1D89BEBF002B8580 /* PBXTargetDependency */ = {
			isa = PBXTargetDependency;
			target = DC00C7621ACC65CD00BB4A99 /* Cleverfit */;
			targetProxy = 8222F88C1D89BEBF002B8580 /* PBXContainerItemProxy */;
		};
/* End PBXTargetDependency section */

/* Begin PBXVariantGroup section */
		8263C5E21D8892C50090F0B1 /* LaunchScreen.xib */ = {
			isa = PBXVariantGroup;
			children = (
				8263C5E31D8892C50090F0B1 /* Base */,
			);
			name = LaunchScreen.xib;
			sourceTree = "<group>";
		};
		8263C5E41D8892C50090F0B1 /* Main.storyboard */ = {
			isa = PBXVariantGroup;
			children = (
				8263C5E51D8892C50090F0B1 /* Base */,
			);
			name = Main.storyboard;
			sourceTree = "<group>";
		};
/* End PBXVariantGroup section */

/* Begin XCBuildConfiguration section */
		8222F8811D89BEB1002B8580 /* Debug */ = {
			isa = XCBuildConfiguration;
			buildSettings = {
				CLANG_ANALYZER_NONNULL = YES;
				CLANG_WARN_DOCUMENTATION_COMMENTS = YES;
				CLANG_WARN_SUSPICIOUS_MOVES = YES;
				CODE_SIGN_IDENTITY = "iPhone Developer";
				"CODE_SIGN_IDENTITY[sdk=iphoneos*]" = "iPhone Developer";
				DEBUG_INFORMATION_FORMAT = dwarf;
				DEVELOPMENT_TEAM = RB9Q7ATU9M;
				INFOPLIST_FILE = ClevefitUITests/Info.plist;
				LD_RUNPATH_SEARCH_PATHS = "$(inherited) @executable_path/Frameworks @loader_path/Frameworks";
				PRODUCT_BUNDLE_IDENTIFIER = es.cleverfit.ClevefitUITests;
				PRODUCT_NAME = "$(TARGET_NAME)";
				SWIFT_ACTIVE_COMPILATION_CONDITIONS = DEBUG;
				SWIFT_VERSION = 3.0;
				TEST_TARGET_NAME = Clevefit;
			};
			name = Debug;
		};
		8222F8821D89BEB1002B8580 /* Release */ = {
			isa = XCBuildConfiguration;
			buildSettings = {
				CLANG_ANALYZER_NONNULL = YES;
				CLANG_WARN_DOCUMENTATION_COMMENTS = YES;
				CLANG_WARN_SUSPICIOUS_MOVES = YES;
				CODE_SIGN_IDENTITY = "iPhone Developer";
				"CODE_SIGN_IDENTITY[sdk=iphoneos*]" = "iPhone Developer";
				DEVELOPMENT_TEAM = RB9Q7ATU9M;
				INFOPLIST_FILE = ClevefitUITests/Info.plist;
				LD_RUNPATH_SEARCH_PATHS = "$(inherited) @executable_path/Frameworks @loader_path/Frameworks";
				PRODUCT_BUNDLE_IDENTIFIER = es.cleverfit.ClevefitUITests;
				PRODUCT_NAME = "$(TARGET_NAME)";
				SWIFT_VERSION = 3.0;
				TEST_TARGET_NAME = Clevefit;
			};
			name = Release;
		};
		8222F88F1D89BEBF002B8580 /* Debug */ = {
			isa = XCBuildConfiguration;
			buildSettings = {
				BUNDLE_LOADER = "$(TEST_HOST)";
				CLANG_ANALYZER_NONNULL = YES;
				CLANG_WARN_DOCUMENTATION_COMMENTS = YES;
				CLANG_WARN_SUSPICIOUS_MOVES = YES;
				"CODE_SIGN_IDENTITY[sdk=iphoneos*]" = "iPhone Developer";
				DEBUG_INFORMATION_FORMAT = dwarf;
				DEVELOPMENT_TEAM = RB9Q7ATU9M;
				INFOPLIST_FILE = ClevefitTests/Info.plist;
				LD_RUNPATH_SEARCH_PATHS = "$(inherited) @executable_path/Frameworks @loader_path/Frameworks";
				PRODUCT_BUNDLE_IDENTIFIER = es.cleverfit.ClevefitTests;
				PRODUCT_NAME = "$(TARGET_NAME)";
				SWIFT_ACTIVE_COMPILATION_CONDITIONS = DEBUG;
				SWIFT_VERSION = 3.0;
				TEST_HOST = "$(BUILT_PRODUCTS_DIR)/Cleverfit.app/Cleverfit";
			};
			name = Debug;
		};
		8222F8901D89BEBF002B8580 /* Release */ = {
			isa = XCBuildConfiguration;
			buildSettings = {
				BUNDLE_LOADER = "$(TEST_HOST)";
				CLANG_ANALYZER_NONNULL = YES;
				CLANG_WARN_DOCUMENTATION_COMMENTS = YES;
				CLANG_WARN_SUSPICIOUS_MOVES = YES;
				"CODE_SIGN_IDENTITY[sdk=iphoneos*]" = "iPhone Developer";
				DEVELOPMENT_TEAM = RB9Q7ATU9M;
				INFOPLIST_FILE = ClevefitTests/Info.plist;
				LD_RUNPATH_SEARCH_PATHS = "$(inherited) @executable_path/Frameworks @loader_path/Frameworks";
				PRODUCT_BUNDLE_IDENTIFIER = es.cleverfit.ClevefitTests;
				PRODUCT_NAME = "$(TARGET_NAME)";
				SWIFT_VERSION = 3.0;
				TEST_HOST = "$(BUILT_PRODUCTS_DIR)/Cleverfit.app/Cleverfit";
			};
			name = Release;
		};
		DC00C7801ACC65CD00BB4A99 /* Debug */ = {
			isa = XCBuildConfiguration;
			buildSettings = {
				ALWAYS_SEARCH_USER_PATHS = NO;
				CLANG_CXX_LANGUAGE_STANDARD = "gnu++0x";
				CLANG_CXX_LIBRARY = "libc++";
				CLANG_ENABLE_MODULES = YES;
				CLANG_ENABLE_OBJC_ARC = YES;
				CLANG_WARN_BOOL_CONVERSION = YES;
				CLANG_WARN_CONSTANT_CONVERSION = YES;
				CLANG_WARN_DIRECT_OBJC_ISA_USAGE = YES_ERROR;
				CLANG_WARN_EMPTY_BODY = YES;
				CLANG_WARN_ENUM_CONVERSION = YES;
				CLANG_WARN_INFINITE_RECURSION = YES;
				CLANG_WARN_INT_CONVERSION = YES;
				CLANG_WARN_OBJC_ROOT_CLASS = YES_ERROR;
				CLANG_WARN_SUSPICIOUS_MOVE = YES;
				CLANG_WARN_UNREACHABLE_CODE = YES;
				CLANG_WARN__DUPLICATE_METHOD_MATCH = YES;
				CODE_SIGN_IDENTITY = "iPhone Developer: jldemolina@gmail.com (225R9LG4G3)";
				"CODE_SIGN_IDENTITY[sdk=iphoneos*]" = "iPhone Developer: jldemolina@gmail.com (225R9LG4G3)";
				COPY_PHASE_STRIP = NO;
				DEBUG_INFORMATION_FORMAT = "dwarf-with-dsym";
				ENABLE_STRICT_OBJC_MSGSEND = YES;
				ENABLE_TESTABILITY = YES;
				GCC_C_LANGUAGE_STANDARD = gnu99;
				GCC_DYNAMIC_NO_PIC = NO;
				GCC_NO_COMMON_BLOCKS = YES;
				GCC_OPTIMIZATION_LEVEL = 0;
				GCC_PREPROCESSOR_DEFINITIONS = (
					"DEBUG=1",
					"$(inherited)",
				);
				GCC_SYMBOLS_PRIVATE_EXTERN = NO;
				GCC_WARN_64_TO_32_BIT_CONVERSION = YES;
				GCC_WARN_ABOUT_RETURN_TYPE = YES_ERROR;
				GCC_WARN_UNDECLARED_SELECTOR = YES;
				GCC_WARN_UNINITIALIZED_AUTOS = YES_AGGRESSIVE;
				GCC_WARN_UNUSED_FUNCTION = YES;
				GCC_WARN_UNUSED_VARIABLE = YES;
				IPHONEOS_DEPLOYMENT_TARGET = 10.0;
				MTL_ENABLE_DEBUG_INFO = YES;
				ONLY_ACTIVE_ARCH = YES;
				SDKROOT = iphoneos;
				SWIFT_OPTIMIZATION_LEVEL = "-Onone";
			};
			name = Debug;
		};
		DC00C7811ACC65CD00BB4A99 /* Release */ = {
			isa = XCBuildConfiguration;
			buildSettings = {
				ALWAYS_SEARCH_USER_PATHS = NO;
				CLANG_CXX_LANGUAGE_STANDARD = "gnu++0x";
				CLANG_CXX_LIBRARY = "libc++";
				CLANG_ENABLE_MODULES = YES;
				CLANG_ENABLE_OBJC_ARC = YES;
				CLANG_WARN_BOOL_CONVERSION = YES;
				CLANG_WARN_CONSTANT_CONVERSION = YES;
				CLANG_WARN_DIRECT_OBJC_ISA_USAGE = YES_ERROR;
				CLANG_WARN_EMPTY_BODY = YES;
				CLANG_WARN_ENUM_CONVERSION = YES;
				CLANG_WARN_INFINITE_RECURSION = YES;
				CLANG_WARN_INT_CONVERSION = YES;
				CLANG_WARN_OBJC_ROOT_CLASS = YES_ERROR;
				CLANG_WARN_SUSPICIOUS_MOVE = YES;
				CLANG_WARN_UNREACHABLE_CODE = YES;
				CLANG_WARN__DUPLICATE_METHOD_MATCH = YES;
				CODE_SIGN_IDENTITY = "iPhone Developer: jldemolina@gmail.com (225R9LG4G3)";
				"CODE_SIGN_IDENTITY[sdk=iphoneos*]" = "iPhone Developer: jldemolina@gmail.com (225R9LG4G3)";
				COPY_PHASE_STRIP = NO;
				DEBUG_INFORMATION_FORMAT = "dwarf-with-dsym";
				ENABLE_NS_ASSERTIONS = NO;
				ENABLE_STRICT_OBJC_MSGSEND = YES;
				GCC_C_LANGUAGE_STANDARD = gnu99;
				GCC_NO_COMMON_BLOCKS = YES;
				GCC_WARN_64_TO_32_BIT_CONVERSION = YES;
				GCC_WARN_ABOUT_RETURN_TYPE = YES_ERROR;
				GCC_WARN_UNDECLARED_SELECTOR = YES;
				GCC_WARN_UNINITIALIZED_AUTOS = YES_AGGRESSIVE;
				GCC_WARN_UNUSED_FUNCTION = YES;
				GCC_WARN_UNUSED_VARIABLE = YES;
				IPHONEOS_DEPLOYMENT_TARGET = 10.0;
				MTL_ENABLE_DEBUG_INFO = NO;
				SDKROOT = iphoneos;
				SWIFT_OPTIMIZATION_LEVEL = "-Owholemodule";
				VALIDATE_PRODUCT = YES;
			};
			name = Release;
		};
		DC00C7831ACC65CD00BB4A99 /* Debug */ = {
			isa = XCBuildConfiguration;
			buildSettings = {
				ASSETCATALOG_COMPILER_APPICON_NAME = AppIcon;
				"CODE_SIGN_IDENTITY[sdk=iphoneos*]" = "iPhone Developer";
				DEVELOPMENT_TEAM = RB9Q7ATU9M;
				FRAMEWORK_SEARCH_PATHS = (
					"$(inherited)",
					"$(PROJECT_DIR)/Carthage/Build/iOS",
				);
				INFOPLIST_FILE = "$(SRCROOT)/Cleverfit/Info.plist";
				IPHONEOS_DEPLOYMENT_TARGET = 10.0;
				LD_RUNPATH_SEARCH_PATHS = "$(inherited) @executable_path/Frameworks";
				PRODUCT_BUNDLE_IDENTIFIER = es.cleverfit;
				PRODUCT_NAME = Cleverfit;
				SWIFT_VERSION = 3.0;
			};
			name = Debug;
		};
		DC00C7841ACC65CD00BB4A99 /* Release */ = {
			isa = XCBuildConfiguration;
			buildSettings = {
				ASSETCATALOG_COMPILER_APPICON_NAME = AppIcon;
				"CODE_SIGN_IDENTITY[sdk=iphoneos*]" = "iPhone Developer";
				DEVELOPMENT_TEAM = RB9Q7ATU9M;
				FRAMEWORK_SEARCH_PATHS = (
					"$(inherited)",
					"$(PROJECT_DIR)/Carthage/Build/iOS",
				);
				INFOPLIST_FILE = "$(SRCROOT)/Cleverfit/Info.plist";
				IPHONEOS_DEPLOYMENT_TARGET = 10.0;
				LD_RUNPATH_SEARCH_PATHS = "$(inherited) @executable_path/Frameworks";
				PRODUCT_BUNDLE_IDENTIFIER = es.cleverfit;
				PRODUCT_NAME = Cleverfit;
				SWIFT_VERSION = 3.0;
			};
			name = Release;
		};
/* End XCBuildConfiguration section */

/* Begin XCConfigurationList section */
		8222F8801D89BEB1002B8580 /* Build configuration list for PBXNativeTarget "CleverfitUITests" */ = {
			isa = XCConfigurationList;
			buildConfigurations = (
				8222F8811D89BEB1002B8580 /* Debug */,
				8222F8821D89BEB1002B8580 /* Release */,
			);
			defaultConfigurationIsVisible = 0;
			defaultConfigurationName = Release;
		};
		8222F88E1D89BEBF002B8580 /* Build configuration list for PBXNativeTarget "CleverfitTests" */ = {
			isa = XCConfigurationList;
			buildConfigurations = (
				8222F88F1D89BEBF002B8580 /* Debug */,
				8222F8901D89BEBF002B8580 /* Release */,
			);
			defaultConfigurationIsVisible = 0;
			defaultConfigurationName = Release;
		};
		DC00C75E1ACC65CD00BB4A99 /* Build configuration list for PBXProject "Cleverfit" */ = {
			isa = XCConfigurationList;
			buildConfigurations = (
				DC00C7801ACC65CD00BB4A99 /* Debug */,
				DC00C7811ACC65CD00BB4A99 /* Release */,
			);
			defaultConfigurationIsVisible = 0;
			defaultConfigurationName = Release;
		};
		DC00C7821ACC65CD00BB4A99 /* Build configuration list for PBXNativeTarget "Cleverfit" */ = {
			isa = XCConfigurationList;
			buildConfigurations = (
				DC00C7831ACC65CD00BB4A99 /* Debug */,
				DC00C7841ACC65CD00BB4A99 /* Release */,
			);
			defaultConfigurationIsVisible = 0;
			defaultConfigurationName = Release;
		};
/* End XCConfigurationList section */
	};
	rootObject = DC00C75B1ACC65CD00BB4A99 /* Project object */;
}
